<?xml version="1.0" encoding="utf-8"?>
<Project ToolsVersion="4.0" xmlns="http://schemas.microsoft.com/developer/msbuild/2003">
  <ItemGroup>
    <Filter Include="Engine">
      <UniqueIdentifier>{DBC7D3B0-C769-FE86-B024-12DB9C6585D7}</UniqueIdentifier>
    </Filter>
    <Filter Include="Engine\include">
      <UniqueIdentifier>{4E9AAC30-3A68-A036-23FC-105D0F697C9B}</UniqueIdentifier>
    </Filter>
    <Filter Include="Engine\source">
      <UniqueIdentifier>{9B258CA4-07E6-07DB-D020-51583CA04CB7}</UniqueIdentifier>
    </Filter>
    <Filter Include="Game">
      <UniqueIdentifier>{7FA9857C-6BE0-860D-14CD-6C1000E3020F}</UniqueIdentifier>
    </Filter>
    <Filter Include="Game\include">
      <UniqueIdentifier>{F2DF671C-DE42-F7C0-87C8-2F77730AC343}</UniqueIdentifier>
    </Filter>
    <Filter Include="Game\source">
      <UniqueIdentifier>{BF466375-2BFC-DB6A-B4F0-D54120A5D26E}</UniqueIdentifier>
    </Filter>
  </ItemGroup>
  <ItemGroup>
    <ClInclude Include="..\v1\Engine\include\Application.h">
      <Filter>Engine\include</Filter>
    </ClInclude>
    <ClInclude Include="..\v1\Engine\include\Init.h">
      <Filter>Engine\include</Filter>
    </ClInclude>
    <ClInclude Include="..\v1\Engine\include\RendererManager.h">
      <Filter>Engine\include</Filter>
    </ClInclude>
    <ClInclude Include="..\v1\Engine\include\WindowManager.h">
      <Filter>Engine\include</Filter>
    </ClInclude>
    <ClInclude Include="..\v1\Game\include\EngineIncludes.h">
      <Filter>Game\include</Filter>
    </ClInclude>
  </ItemGroup>
  <ItemGroup>
    <ClCompile Include="..\v1\Engine\source\Application.cpp">
      <Filter>Engine\source</Filter>
    </ClCompile>
    <ClCompile Include="..\v1\Engine\source\Init.cpp">
      <Filter>Engine\source</Filter>
    </ClCompile>
    <ClCompile Include="..\v1\Engine\source\RendererManager.cpp">
      <Filter>Engine\source</Filter>
    </ClCompile>
    <ClCompile Include="..\v1\Engine\source\WindowManager.cpp">
      <Filter>Engine\source</Filter>
    </ClCompile>
    <ClCompile Include="..\v1\Game\source\main.cpp">
      <Filter>Game\source</Filter>
    </ClCompile>
  </ItemGroup>
</Project>